
Microsoft Visual Studio Solution File, Format Version 12.00
# Visual Studio 15
VisualStudioVersion = 15.0.28307.1231
MinimumVisualStudioVersion = 10.0.40219.1
Project("{FAE04EC0-301F-11D3-BF4B-00C04F79EFBC}") = "2DArray", "2DArray\2DArray.csproj", "{572A70D6-175E-4908-90DD-8A2359D4FEAD}"
EndProject
Global
	GlobalSection(SolutionConfigurationPlatforms) = preSolution
		Debug|Any CPU = Debug|Any CPU
		Release|Any CPU = Release|Any CPU
	EndGlobalSection
	GlobalSection(ProjectConfigurationPlatforms) = postSolution
		{572A70D6-175E-4908-90DD-8A2359D4FEAD}.Debug|Any CPU.ActiveCfg = Debug|Any CPU
		{572A70D6-175E-4908-90DD-8A2359D4FEAD}.Debug|Any CPU.Build.0 = Debug|Any CPU
		{572A70D6-175E-4908-90DD-8A2359D4FEAD}.Release|Any CPU.ActiveCfg = Release|Any CPU
		{572A70D6-175E-4908-90DD-8A2359D4FEAD}.Release|Any CPU.Build.0 = Release|Any CPU
	EndGlobalSection
	GlobalSection(SolutionProperties) = preSolution
		HideSolutionNode = FALSE
	EndGlobalSection
	GlobalSection(ExtensibilityGlobals) = postSolution
		SolutionGuid = {AB82BFDE-69A6-4474-ACDE-5BADED0C1001}
	EndGlobalSection
EndGlobal
