
Microsoft Visual Studio Solution File, Format Version 12.00
# Visual Studio 15
VisualStudioVersion = 15.0.28307.1231
MinimumVisualStudioVersion = 10.0.40219.1
Project("{FAE04EC0-301F-11D3-BF4B-00C04F79EFBC}") = "String04", "String04\String04.csproj", "{374F1821-D926-4942-9A8D-61D5DDD1E826}"
EndProject
Global
	GlobalSection(SolutionConfigurationPlatforms) = preSolution
		Debug|Any CPU = Debug|Any CPU
		Release|Any CPU = Release|Any CPU
	EndGlobalSection
	GlobalSection(ProjectConfigurationPlatforms) = postSolution
		{374F1821-D926-4942-9A8D-61D5DDD1E826}.Debug|Any CPU.ActiveCfg = Debug|Any CPU
		{374F1821-D926-4942-9A8D-61D5DDD1E826}.Debug|Any CPU.Build.0 = Debug|Any CPU
		{374F1821-D926-4942-9A8D-61D5DDD1E826}.Release|Any CPU.ActiveCfg = Release|Any CPU
		{374F1821-D926-4942-9A8D-61D5DDD1E826}.Release|Any CPU.Build.0 = Release|Any CPU
	EndGlobalSection
	GlobalSection(SolutionProperties) = preSolution
		HideSolutionNode = FALSE
	EndGlobalSection
	GlobalSection(ExtensibilityGlobals) = postSolution
		SolutionGuid = {FA6F26BF-B3E4-4E2A-82A3-297E0CE70665}
	EndGlobalSection
EndGlobal
