
Microsoft Visual Studio Solution File, Format Version 12.00
# Visual Studio 15
VisualStudioVersion = 15.0.28307.1231
MinimumVisualStudioVersion = 10.0.40219.1
Project("{FAE04EC0-301F-11D3-BF4B-00C04F79EFBC}") = "Static", "Static\Static.csproj", "{9A4EB42D-F7B6-4586-B118-9DAA921DB689}"
EndProject
Global
	GlobalSection(SolutionConfigurationPlatforms) = preSolution
		Debug|Any CPU = Debug|Any CPU
		Release|Any CPU = Release|Any CPU
	EndGlobalSection
	GlobalSection(ProjectConfigurationPlatforms) = postSolution
		{9A4EB42D-F7B6-4586-B118-9DAA921DB689}.Debug|Any CPU.ActiveCfg = Debug|Any CPU
		{9A4EB42D-F7B6-4586-B118-9DAA921DB689}.Debug|Any CPU.Build.0 = Debug|Any CPU
		{9A4EB42D-F7B6-4586-B118-9DAA921DB689}.Release|Any CPU.ActiveCfg = Release|Any CPU
		{9A4EB42D-F7B6-4586-B118-9DAA921DB689}.Release|Any CPU.Build.0 = Release|Any CPU
	EndGlobalSection
	GlobalSection(SolutionProperties) = preSolution
		HideSolutionNode = FALSE
	EndGlobalSection
	GlobalSection(ExtensibilityGlobals) = postSolution
		SolutionGuid = {F350E686-6532-44C9-A165-77757C142F44}
	EndGlobalSection
EndGlobal
