
Microsoft Visual Studio Solution File, Format Version 12.00
# Visual Studio 15
VisualStudioVersion = 15.0.28307.1231
MinimumVisualStudioVersion = 10.0.40219.1
Project("{FAE04EC0-301F-11D3-BF4B-00C04F79EFBC}") = "Generic", "Generic\Generic.csproj", "{43A9DDA3-20A6-42BB-8E96-059E4D664DB1}"
EndProject
Global
	GlobalSection(SolutionConfigurationPlatforms) = preSolution
		Debug|Any CPU = Debug|Any CPU
		Release|Any CPU = Release|Any CPU
	EndGlobalSection
	GlobalSection(ProjectConfigurationPlatforms) = postSolution
		{43A9DDA3-20A6-42BB-8E96-059E4D664DB1}.Debug|Any CPU.ActiveCfg = Debug|Any CPU
		{43A9DDA3-20A6-42BB-8E96-059E4D664DB1}.Debug|Any CPU.Build.0 = Debug|Any CPU
		{43A9DDA3-20A6-42BB-8E96-059E4D664DB1}.Release|Any CPU.ActiveCfg = Release|Any CPU
		{43A9DDA3-20A6-42BB-8E96-059E4D664DB1}.Release|Any CPU.Build.0 = Release|Any CPU
	EndGlobalSection
	GlobalSection(SolutionProperties) = preSolution
		HideSolutionNode = FALSE
	EndGlobalSection
	GlobalSection(ExtensibilityGlobals) = postSolution
		SolutionGuid = {B4B00D8A-6D70-4251-ACA2-22FEC69ACCE5}
	EndGlobalSection
EndGlobal
