
Microsoft Visual Studio Solution File, Format Version 12.00
# Visual Studio 15
VisualStudioVersion = 15.0.28307.1259
MinimumVisualStudioVersion = 10.0.40219.1
Project("{FAE04EC0-301F-11D3-BF4B-00C04F79EFBC}") = "Project2DArrayGame", "Project2DArrayGame\Project2DArrayGame.csproj", "{A424F312-9DE3-4B81-83A2-BAD8F70AA866}"
EndProject
Global
	GlobalSection(SolutionConfigurationPlatforms) = preSolution
		Debug|Any CPU = Debug|Any CPU
		Release|Any CPU = Release|Any CPU
	EndGlobalSection
	GlobalSection(ProjectConfigurationPlatforms) = postSolution
		{A424F312-9DE3-4B81-83A2-BAD8F70AA866}.Debug|Any CPU.ActiveCfg = Debug|Any CPU
		{A424F312-9DE3-4B81-83A2-BAD8F70AA866}.Debug|Any CPU.Build.0 = Debug|Any CPU
		{A424F312-9DE3-4B81-83A2-BAD8F70AA866}.Release|Any CPU.ActiveCfg = Release|Any CPU
		{A424F312-9DE3-4B81-83A2-BAD8F70AA866}.Release|Any CPU.Build.0 = Release|Any CPU
	EndGlobalSection
	GlobalSection(SolutionProperties) = preSolution
		HideSolutionNode = FALSE
	EndGlobalSection
	GlobalSection(ExtensibilityGlobals) = postSolution
		SolutionGuid = {2B502D21-B3DE-403F-B324-7C2489D3B75A}
	EndGlobalSection
EndGlobal
