
Microsoft Visual Studio Solution File, Format Version 12.00
# Visual Studio 15
VisualStudioVersion = 15.0.28307.1231
MinimumVisualStudioVersion = 10.0.40219.1
Project("{FAE04EC0-301F-11D3-BF4B-00C04F79EFBC}") = "Abstract", "Abstract\Abstract.csproj", "{CAB9E2DE-C658-4A33-BE47-E13232ABF843}"
EndProject
Global
	GlobalSection(SolutionConfigurationPlatforms) = preSolution
		Debug|Any CPU = Debug|Any CPU
		Release|Any CPU = Release|Any CPU
	EndGlobalSection
	GlobalSection(ProjectConfigurationPlatforms) = postSolution
		{CAB9E2DE-C658-4A33-BE47-E13232ABF843}.Debug|Any CPU.ActiveCfg = Debug|Any CPU
		{CAB9E2DE-C658-4A33-BE47-E13232ABF843}.Debug|Any CPU.Build.0 = Debug|Any CPU
		{CAB9E2DE-C658-4A33-BE47-E13232ABF843}.Release|Any CPU.ActiveCfg = Release|Any CPU
		{CAB9E2DE-C658-4A33-BE47-E13232ABF843}.Release|Any CPU.Build.0 = Release|Any CPU
	EndGlobalSection
	GlobalSection(SolutionProperties) = preSolution
		HideSolutionNode = FALSE
	EndGlobalSection
	GlobalSection(ExtensibilityGlobals) = postSolution
		SolutionGuid = {23777CB4-F18E-4D5C-80DF-BC7AA31F5D60}
	EndGlobalSection
EndGlobal
